
Microsoft Visual Studio Solution File, Format Version 12.00
# Visual Studio Version 16
VisualStudioVersion = 16.0.30204.135
MinimumVisualStudioVersion = 10.0.40219.1
Project("{8BC9CEB8-8B4A-11D0-8D11-00A0C91BC942}") = "_2020_06_23Lecture", "_2020_06_23Lecture.vcxproj", "{9178A72C-AF7D-4133-928D-6E3B69D20549}"
EndProject
Project("{8BC9CEB8-8B4A-11D0-8D11-00A0C91BC942}") = "AddressDivFile", "..\AddressDivFile\AddressDivFile.vcxproj", "{14B8EA16-FCAD-4771-B598-E1CD17EC82DE}"
EndProject
Global
	GlobalSection(SolutionConfigurationPlatforms) = preSolution
		Debug|x64 = Debug|x64
		Debug|x86 = Debug|x86
		Release|x64 = Release|x64
		Release|x86 = Release|x86
	EndGlobalSection
	GlobalSection(ProjectConfigurationPlatforms) = postSolution
		{9178A72C-AF7D-4133-928D-6E3B69D20549}.Debug|x64.ActiveCfg = Debug|x64
		{9178A72C-AF7D-4133-928D-6E3B69D20549}.Debug|x64.Build.0 = Debug|x64
		{9178A72C-AF7D-4133-928D-6E3B69D20549}.Debug|x86.ActiveCfg = Debug|Win32
		{9178A72C-AF7D-4133-928D-6E3B69D20549}.Debug|x86.Build.0 = Debug|Win32
		{9178A72C-AF7D-4133-928D-6E3B69D20549}.Release|x64.ActiveCfg = Release|x64
		{9178A72C-AF7D-4133-928D-6E3B69D20549}.Release|x64.Build.0 = Release|x64
		{9178A72C-AF7D-4133-928D-6E3B69D20549}.Release|x86.ActiveCfg = Release|Win32
		{9178A72C-AF7D-4133-928D-6E3B69D20549}.Release|x86.Build.0 = Release|Win32
		{14B8EA16-FCAD-4771-B598-E1CD17EC82DE}.Debug|x64.ActiveCfg = Debug|x64
		{14B8EA16-FCAD-4771-B598-E1CD17EC82DE}.Debug|x64.Build.0 = Debug|x64
		{14B8EA16-FCAD-4771-B598-E1CD17EC82DE}.Debug|x86.ActiveCfg = Debug|Win32
		{14B8EA16-FCAD-4771-B598-E1CD17EC82DE}.Debug|x86.Build.0 = Debug|Win32
		{14B8EA16-FCAD-4771-B598-E1CD17EC82DE}.Release|x64.ActiveCfg = Release|x64
		{14B8EA16-FCAD-4771-B598-E1CD17EC82DE}.Release|x64.Build.0 = Release|x64
		{14B8EA16-FCAD-4771-B598-E1CD17EC82DE}.Release|x86.ActiveCfg = Release|Win32
		{14B8EA16-FCAD-4771-B598-E1CD17EC82DE}.Release|x86.Build.0 = Release|Win32
	EndGlobalSection
	GlobalSection(SolutionProperties) = preSolution
		HideSolutionNode = FALSE
	EndGlobalSection
	GlobalSection(ExtensibilityGlobals) = postSolution
		SolutionGuid = {C92A1EA1-78EB-4319-8B4F-D5EF9EF57366}
	EndGlobalSection
EndGlobal
