
Microsoft Visual Studio Solution File, Format Version 12.00
# Visual Studio Version 16
VisualStudioVersion = 16.0.30204.135
MinimumVisualStudioVersion = 10.0.40219.1
Project("{8BC9CEB8-8B4A-11D0-8D11-00A0C91BC942}") = "_2020_06_17Lecture", "_2020_06_17Lecture.vcxproj", "{1FA060A3-B21C-49B3-BCAD-1043DDE3FD4C}"
EndProject
Global
	GlobalSection(SolutionConfigurationPlatforms) = preSolution
		Debug|x64 = Debug|x64
		Debug|x86 = Debug|x86
		Release|x64 = Release|x64
		Release|x86 = Release|x86
	EndGlobalSection
	GlobalSection(ProjectConfigurationPlatforms) = postSolution
		{1FA060A3-B21C-49B3-BCAD-1043DDE3FD4C}.Debug|x64.ActiveCfg = Debug|x64
		{1FA060A3-B21C-49B3-BCAD-1043DDE3FD4C}.Debug|x64.Build.0 = Debug|x64
		{1FA060A3-B21C-49B3-BCAD-1043DDE3FD4C}.Debug|x86.ActiveCfg = Debug|Win32
		{1FA060A3-B21C-49B3-BCAD-1043DDE3FD4C}.Debug|x86.Build.0 = Debug|Win32
		{1FA060A3-B21C-49B3-BCAD-1043DDE3FD4C}.Release|x64.ActiveCfg = Release|x64
		{1FA060A3-B21C-49B3-BCAD-1043DDE3FD4C}.Release|x64.Build.0 = Release|x64
		{1FA060A3-B21C-49B3-BCAD-1043DDE3FD4C}.Release|x86.ActiveCfg = Release|Win32
		{1FA060A3-B21C-49B3-BCAD-1043DDE3FD4C}.Release|x86.Build.0 = Release|Win32
	EndGlobalSection
	GlobalSection(SolutionProperties) = preSolution
		HideSolutionNode = FALSE
	EndGlobalSection
	GlobalSection(ExtensibilityGlobals) = postSolution
		SolutionGuid = {9E9DC5E0-1076-47E0-B20F-96141E5D7FA6}
	EndGlobalSection
EndGlobal
