
Microsoft Visual Studio Solution File, Format Version 12.00
# Visual Studio Version 16
VisualStudioVersion = 16.0.30204.135
MinimumVisualStudioVersion = 10.0.40219.1
Project("{8BC9CEB8-8B4A-11D0-8D11-00A0C91BC942}") = "2020-06-10Lecture", "2020-06-10Lecture.vcxproj", "{4ECD2B0C-70A6-4A79-BA5E-97038414AC9F}"
EndProject
Global
	GlobalSection(SolutionConfigurationPlatforms) = preSolution
		Debug|x64 = Debug|x64
		Debug|x86 = Debug|x86
		Release|x64 = Release|x64
		Release|x86 = Release|x86
	EndGlobalSection
	GlobalSection(ProjectConfigurationPlatforms) = postSolution
		{4ECD2B0C-70A6-4A79-BA5E-97038414AC9F}.Debug|x64.ActiveCfg = Debug|x64
		{4ECD2B0C-70A6-4A79-BA5E-97038414AC9F}.Debug|x64.Build.0 = Debug|x64
		{4ECD2B0C-70A6-4A79-BA5E-97038414AC9F}.Debug|x86.ActiveCfg = Debug|Win32
		{4ECD2B0C-70A6-4A79-BA5E-97038414AC9F}.Debug|x86.Build.0 = Debug|Win32
		{4ECD2B0C-70A6-4A79-BA5E-97038414AC9F}.Release|x64.ActiveCfg = Release|x64
		{4ECD2B0C-70A6-4A79-BA5E-97038414AC9F}.Release|x64.Build.0 = Release|x64
		{4ECD2B0C-70A6-4A79-BA5E-97038414AC9F}.Release|x86.ActiveCfg = Release|Win32
		{4ECD2B0C-70A6-4A79-BA5E-97038414AC9F}.Release|x86.Build.0 = Release|Win32
	EndGlobalSection
	GlobalSection(SolutionProperties) = preSolution
		HideSolutionNode = FALSE
	EndGlobalSection
	GlobalSection(ExtensibilityGlobals) = postSolution
		SolutionGuid = {4022C5E5-57D7-41E9-9D0D-FC63B9F92970}
	EndGlobalSection
EndGlobal
