
Microsoft Visual Studio Solution File, Format Version 12.00
# Visual Studio Version 16
VisualStudioVersion = 16.0.30114.105
MinimumVisualStudioVersion = 10.0.40219.1
Project("{8BC9CEB8-8B4A-11D0-8D11-00A0C91BC942}") = "Lecture01", "Lecture01.vcxproj", "{092751B5-3F8F-474B-8BDD-896C93C5C68C}"
EndProject
Global
	GlobalSection(SolutionConfigurationPlatforms) = preSolution
		Debug|x64 = Debug|x64
		Debug|x86 = Debug|x86
		Release|x64 = Release|x64
		Release|x86 = Release|x86
	EndGlobalSection
	GlobalSection(ProjectConfigurationPlatforms) = postSolution
		{092751B5-3F8F-474B-8BDD-896C93C5C68C}.Debug|x64.ActiveCfg = Debug|x64
		{092751B5-3F8F-474B-8BDD-896C93C5C68C}.Debug|x64.Build.0 = Debug|x64
		{092751B5-3F8F-474B-8BDD-896C93C5C68C}.Debug|x86.ActiveCfg = Debug|Win32
		{092751B5-3F8F-474B-8BDD-896C93C5C68C}.Debug|x86.Build.0 = Debug|Win32
		{092751B5-3F8F-474B-8BDD-896C93C5C68C}.Release|x64.ActiveCfg = Release|x64
		{092751B5-3F8F-474B-8BDD-896C93C5C68C}.Release|x64.Build.0 = Release|x64
		{092751B5-3F8F-474B-8BDD-896C93C5C68C}.Release|x86.ActiveCfg = Release|Win32
		{092751B5-3F8F-474B-8BDD-896C93C5C68C}.Release|x86.Build.0 = Release|Win32
	EndGlobalSection
	GlobalSection(SolutionProperties) = preSolution
		HideSolutionNode = FALSE
	EndGlobalSection
	GlobalSection(ExtensibilityGlobals) = postSolution
		SolutionGuid = {07780924-EE84-4526-8844-87BBF9457BB7}
	EndGlobalSection
EndGlobal
