
Microsoft Visual Studio Solution File, Format Version 12.00
# Visual Studio Version 16
VisualStudioVersion = 16.0.30114.105
MinimumVisualStudioVersion = 10.0.40219.1
Project("{FAE04EC0-301F-11D3-BF4B-00C04F79EFBC}") = "CodeInGameThor", "CodeInGameThor.csproj", "{8A77CFAC-7F84-4BC8-A7FD-C67673F5E89B}"
EndProject
Global
	GlobalSection(SolutionConfigurationPlatforms) = preSolution
		Debug|Any CPU = Debug|Any CPU
		Release|Any CPU = Release|Any CPU
	EndGlobalSection
	GlobalSection(ProjectConfigurationPlatforms) = postSolution
		{8A77CFAC-7F84-4BC8-A7FD-C67673F5E89B}.Debug|Any CPU.ActiveCfg = Debug|Any CPU
		{8A77CFAC-7F84-4BC8-A7FD-C67673F5E89B}.Debug|Any CPU.Build.0 = Debug|Any CPU
		{8A77CFAC-7F84-4BC8-A7FD-C67673F5E89B}.Release|Any CPU.ActiveCfg = Release|Any CPU
		{8A77CFAC-7F84-4BC8-A7FD-C67673F5E89B}.Release|Any CPU.Build.0 = Release|Any CPU
	EndGlobalSection
	GlobalSection(SolutionProperties) = preSolution
		HideSolutionNode = FALSE
	EndGlobalSection
	GlobalSection(ExtensibilityGlobals) = postSolution
		SolutionGuid = {2B11CBDD-6BD9-4125-BA4C-7C67207CA14A}
	EndGlobalSection
EndGlobal
