
Microsoft Visual Studio Solution File, Format Version 12.00
# Visual Studio Version 16
VisualStudioVersion = 16.0.30204.135
MinimumVisualStudioVersion = 10.0.40219.1
Project("{8BC9CEB8-8B4A-11D0-8D11-00A0C91BC942}") = "_2020_06_22Assignment", "_2020_06_22Assignment.vcxproj", "{DB5D83E4-17CB-4309-ABA1-D44D318727D5}"
EndProject
Global
	GlobalSection(SolutionConfigurationPlatforms) = preSolution
		Debug|x64 = Debug|x64
		Debug|x86 = Debug|x86
		Release|x64 = Release|x64
		Release|x86 = Release|x86
	EndGlobalSection
	GlobalSection(ProjectConfigurationPlatforms) = postSolution
		{DB5D83E4-17CB-4309-ABA1-D44D318727D5}.Debug|x64.ActiveCfg = Debug|x64
		{DB5D83E4-17CB-4309-ABA1-D44D318727D5}.Debug|x64.Build.0 = Debug|x64
		{DB5D83E4-17CB-4309-ABA1-D44D318727D5}.Debug|x86.ActiveCfg = Debug|Win32
		{DB5D83E4-17CB-4309-ABA1-D44D318727D5}.Debug|x86.Build.0 = Debug|Win32
		{DB5D83E4-17CB-4309-ABA1-D44D318727D5}.Release|x64.ActiveCfg = Release|x64
		{DB5D83E4-17CB-4309-ABA1-D44D318727D5}.Release|x64.Build.0 = Release|x64
		{DB5D83E4-17CB-4309-ABA1-D44D318727D5}.Release|x86.ActiveCfg = Release|Win32
		{DB5D83E4-17CB-4309-ABA1-D44D318727D5}.Release|x86.Build.0 = Release|Win32
	EndGlobalSection
	GlobalSection(SolutionProperties) = preSolution
		HideSolutionNode = FALSE
	EndGlobalSection
	GlobalSection(ExtensibilityGlobals) = postSolution
		SolutionGuid = {97726A7B-FDDE-4C21-9668-65269487E920}
	EndGlobalSection
EndGlobal
